
Microsoft Visual Studio Solution File, Format Version 12.00
# Visual Studio 15
VisualStudioVersion = 15.0.28307.329
MinimumVisualStudioVersion = 10.0.40219.1
Project("{FAE04EC0-301F-11D3-BF4B-00C04F79EFBC}") = "SSCreator", "SSCreator\SSCreator.csproj", "{EBAF353C-311F-483D-BFEE-A9949E6C51B2}"
EndProject
Global
	GlobalSection(SolutionConfigurationPlatforms) = preSolution
		Debug|Any CPU = Debug|Any CPU
		Release|Any CPU = Release|Any CPU
	EndGlobalSection
	GlobalSection(ProjectConfigurationPlatforms) = postSolution
		{EBAF353C-311F-483D-BFEE-A9949E6C51B2}.Debug|Any CPU.ActiveCfg = Debug|Any CPU
		{EBAF353C-311F-483D-BFEE-A9949E6C51B2}.Debug|Any CPU.Build.0 = Debug|Any CPU
		{EBAF353C-311F-483D-BFEE-A9949E6C51B2}.Release|Any CPU.ActiveCfg = Release|Any CPU
		{EBAF353C-311F-483D-BFEE-A9949E6C51B2}.Release|Any CPU.Build.0 = Release|Any CPU
	EndGlobalSection
	GlobalSection(SolutionProperties) = preSolution
		HideSolutionNode = FALSE
	EndGlobalSection
	GlobalSection(ExtensibilityGlobals) = postSolution
		SolutionGuid = {563E72E7-8D4B-4CE9-837E-25AC8970DC29}
	EndGlobalSection
EndGlobal
